
Microsoft Visual Studio Solution File, Format Version 12.00
# Visual Studio 14
VisualStudioVersion = 14.0.25420.1
MinimumVisualStudioVersion = 10.0.40219.1
Project("{8BB2217D-0F2D-49D1-97BC-3654ED321F3B}") = "GST.Web", "GST.Web\GST.Web.xproj", "{28B05A43-8930-4F1E-893B-08703A778C7F}"
EndProject
Global
	GlobalSection(SolutionConfigurationPlatforms) = preSolution
		Debug|Any CPU = Debug|Any CPU
		Release|Any CPU = Release|Any CPU
	EndGlobalSection
	GlobalSection(ProjectConfigurationPlatforms) = postSolution
		{28B05A43-8930-4F1E-893B-08703A778C7F}.Debug|Any CPU.ActiveCfg = Debug|Any CPU
		{28B05A43-8930-4F1E-893B-08703A778C7F}.Debug|Any CPU.Build.0 = Debug|Any CPU
		{28B05A43-8930-4F1E-893B-08703A778C7F}.Release|Any CPU.ActiveCfg = Release|Any CPU
		{28B05A43-8930-4F1E-893B-08703A778C7F}.Release|Any CPU.Build.0 = Release|Any CPU
	EndGlobalSection
	GlobalSection(SolutionProperties) = preSolution
		HideSolutionNode = FALSE
	EndGlobalSection
EndGlobal
